schema: '2.0'
stages:
  data_ingestion:
    cmd: python src/data_ingestion.py
    deps:
    - path: src/data_ingestion.py
      hash: md5
      md5: 5150d3b1f77e287f19bd4e3a4cbbba60
      size: 3639
    params:
      params.yaml:
        data_ingestion.test_size: 0.3
    outs:
    - path: data/raw
      hash: md5
      md5: d26befd2dda9438254177d9000d9ba1f.dir
      size: 484846
      nfiles: 2
  data_preprocessing:
    cmd: python src/data_preprocessing.py
    deps:
    - path: data/raw
      hash: md5
      md5: d26befd2dda9438254177d9000d9ba1f.dir
      size: 484846
      nfiles: 2
    - path: src/data_preprocessing.py
      hash: md5
      md5: ae0059b79590609927f72e3c373f1865
      size: 3973
    outs:
    - path: data/interim
      hash: md5
      md5: 61ca13b2e20854a1f7bacbbcfeca409e.dir
      size: 262513
      nfiles: 2
  feature_engineering:
    cmd: python src/feature_engineering.py
    deps:
    - path: data/interim
      hash: md5
      md5: 61ca13b2e20854a1f7bacbbcfeca409e.dir
      size: 262513
      nfiles: 2
    - path: src/feature_engineering.py
      hash: md5
      md5: cf8448c21ab5f64a81b288de0c331814
      size: 3910
    params:
      params.yaml:
        feature_engineering.max_features: 45
    outs:
    - path: data/processed
      hash: md5
      md5: 481b52071799bea9712f32ef5c7ed090.dir
      size: 1073346
      nfiles: 2
  model_building:
    cmd: python src/model_building.py
    deps:
    - path: data/processed
      hash: md5
      md5: 481b52071799bea9712f32ef5c7ed090.dir
      size: 1073346
      nfiles: 2
    - path: src/model_building.py
      hash: md5
      md5: b8211d4fca24abd0f09602108ec58924
      size: 4423
    params:
      params.yaml:
        model_building.n_estimators: 20
        model_building.random_state: 3
    outs:
    - path: models/model.pkl
      hash: md5
      md5: 6b7000219a7d5af991981392d20af874
      size: 704501
  model_evaluation:
    cmd: python src/model_evaluation.py
    deps:
    - path: models/model.pkl
      hash: md5
      md5: 6b7000219a7d5af991981392d20af874
      size: 704501
    - path: src/model_evaluation.py
      hash: md5
      md5: 1be577d34629524fc026c5d5d8b2bb05
      size: 4691
    outs:
    - path: reports/metrics.json
      hash: md5
      md5: f78f7b6fd3606e7099a56274828cbf07
      size: 144
