schema: '2.0'
stages:
  data_ingestion:
    cmd: python src/data_ingestion.py
    deps:
    - path: src/data_ingestion.py
      hash: md5
      md5: 5150d3b1f77e287f19bd4e3a4cbbba60
      size: 3639
    params:
      params.yaml:
        data_ingestion.test_size: 0.36
    outs:
    - path: data/raw
      hash: md5
      md5: 311c7f5887dc89f2b1e0c51ba54892c1.dir
      size: 484846
      nfiles: 2
  data_preprocessing:
    cmd: python src/data_preprocessing.py
    deps:
    - path: data/raw
      hash: md5
      md5: 311c7f5887dc89f2b1e0c51ba54892c1.dir
      size: 484846
      nfiles: 2
    - path: src/data_preprocessing.py
      hash: md5
      md5: ae0059b79590609927f72e3c373f1865
      size: 3973
    outs:
    - path: data/interim
      hash: md5
      md5: 015c452660f056d3d26281b772e41225.dir
      size: 263359
      nfiles: 2
  feature_engineering:
    cmd: python src/feature_engineering.py
    deps:
    - path: data/interim
      hash: md5
      md5: 015c452660f056d3d26281b772e41225.dir
      size: 263359
      nfiles: 2
    - path: src/feature_engineering.py
      hash: md5
      md5: cf8448c21ab5f64a81b288de0c331814
      size: 3910
    params:
      params.yaml:
        feature_engineering.max_features: 30
    outs:
    - path: data/processed
      hash: md5
      md5: 31861a18c100e95e1c470838693a6ab7.dir
      size: 725824
      nfiles: 2
  model_building:
    cmd: python src/model_building.py
    deps:
    - path: data/processed
      hash: md5
      md5: 31861a18c100e95e1c470838693a6ab7.dir
      size: 725824
      nfiles: 2
    - path: src/model_building.py
      hash: md5
      md5: b8211d4fca24abd0f09602108ec58924
      size: 4423
    params:
      params.yaml:
        model_building.n_estimators: 20
        model_building.random_state: 3
    outs:
    - path: models/model.pkl
      hash: md5
      md5: cb1fb7c9941537161cbf1a57cea8b3fb
      size: 498222
  model_evaluation:
    cmd: python src/model_evaluation.py
    deps:
    - path: models/model.pkl
      hash: md5
      md5: cb1fb7c9941537161cbf1a57cea8b3fb
      size: 498222
    - path: src/model_evaluation.py
      hash: md5
      md5: 9ebf07280bdf56ca33571141d74c8531
      size: 4639
    outs:
    - path: reports/metrics.json
      hash: md5
      md5: 02939e3990a3434cfd672da6b4600465
      size: 145
